{
  "name": "ts",
  "version": "1.0.0",
  "lockfileVersion": 2,
  "requires": true,
  "packages": {
    "": {
      "name": "ts",
      "version": "1.0.0",
      "license": "ISC",
      "dependencies": {
        "google-protobuf": "^3.14.0",
        "ts-node": "^9.1.1",
        "typescript": "^4.1.3"
      }
    },
    "node_modules/arg": {
      "version": "4.1.3",
      "resolved": "https://r.cnpmjs.org/arg/download/arg-4.1.3.tgz",
      "integrity": "sha1-Jp/HrVuOQstjyJbVZmAXJhwUQIk="
    },
    "node_modules/buffer-from": {
      "version": "1.1.1",
      "resolved": "http://r.cnpmjs.org/buffer-from/download/buffer-from-1.1.1.tgz",
      "integrity": "sha1-MnE7wCj3XAL9txDXx7zsHyxgcO8="
    },
    "node_modules/create-require": {
      "version": "1.1.1",
      "resolved": "https://r.cnpmjs.org/create-require/download/create-require-1.1.1.tgz",
      "integrity": "sha1-wdfo8eX2z8n/ZfnNNS03NIdWwzM="
    },
    "node_modules/diff": {
      "version": "4.0.2",
      "resolved": "https://r.cnpmjs.org/diff/download/diff-4.0.2.tgz",
      "integrity": "sha1-YPOuy4nV+uUgwRqhnvwruYKq3n0=",
      "engines": {
        "node": ">=0.3.1"
      }
    },
    "node_modules/google-protobuf": {
      "version": "3.14.0",
      "resolved": "https://r.cnpmjs.org/google-protobuf/download/google-protobuf-3.14.0.tgz",
      "integrity": "sha1-IDc9IgRuY4MaURDhGoT3E8xDZR4="
    },
    "node_modules/make-error": {
      "version": "1.3.6",
      "resolved": "https://r.cnpmjs.org/make-error/download/make-error-1.3.6.tgz",
      "integrity": "sha1-LrLjfqm2fEiR9oShOUeZr0hM96I="
    },
    "node_modules/source-map": {
      "version": "0.6.1",
      "resolved": "http://r.cnpmjs.org/source-map/download/source-map-0.6.1.tgz",
      "integrity": "sha1-dHIq8y6WFOnCh6jQu95IteLxomM=",
      "engines": {
        "node": ">=0.10.0"
      }
    },
    "node_modules/source-map-support": {
      "version": "0.5.19",
      "resolved": "https://r.cnpmjs.org/source-map-support/download/source-map-support-0.5.19.tgz",
      "integrity": "sha1-qYti+G3K9PZzmWSMCFKRq56P7WE=",
      "dependencies": {
        "buffer-from": "^1.0.0",
        "source-map": "^0.6.0"
      }
    },
    "node_modules/ts-node": {
      "version": "9.1.1",
      "resolved": "https://r.cnpmjs.org/ts-node/download/ts-node-9.1.1.tgz",
      "integrity": "sha1-UamkUKPpWUAb2l8ASnLVS5NtN20=",
      "dependencies": {
        "arg": "^4.1.0",
        "create-require": "^1.1.0",
        "diff": "^4.0.1",
        "make-error": "^1.1.1",
        "source-map-support": "^0.5.17",
        "yn": "3.1.1"
      },
      "bin": {
        "ts-node": "dist/bin.js",
        "ts-node-script": "dist/bin-script.js",
        "ts-node-transpile-only": "dist/bin-transpile.js",
        "ts-script": "dist/bin-script-deprecated.js"
      },
      "engines": {
        "node": ">=10.0.0"
      }
    },
    "node_modules/typescript": {
      "version": "4.1.3",
      "resolved": "https://r.cnpmjs.org/typescript/download/typescript-4.1.3.tgz",
      "integrity": "sha1-UZ1YK9lMugz4k0x9joRn5HP1O7c=",
      "bin": {
        "tsc": "bin/tsc",
        "tsserver": "bin/tsserver"
      },
      "engines": {
        "node": ">=4.2.0"
      }
    },
    "node_modules/yn": {
      "version": "3.1.1",
      "resolved": "https://r.cnpmjs.org/yn/download/yn-3.1.1.tgz",
      "integrity": "sha1-HodAGgnXZ8HV6rJqbkwYUYLS61A=",
      "engines": {
        "node": ">=6"
      }
    }
  },
  "dependencies": {
    "arg": {
      "version": "4.1.3",
      "resolved": "https://r.cnpmjs.org/arg/download/arg-4.1.3.tgz",
      "integrity": "sha1-Jp/HrVuOQstjyJbVZmAXJhwUQIk="
    },
    "buffer-from": {
      "version": "1.1.1",
      "resolved": "http://r.cnpmjs.org/buffer-from/download/buffer-from-1.1.1.tgz",
      "integrity": "sha1-MnE7wCj3XAL9txDXx7zsHyxgcO8="
    },
    "create-require": {
      "version": "1.1.1",
      "resolved": "https://r.cnpmjs.org/create-require/download/create-require-1.1.1.tgz",
      "integrity": "sha1-wdfo8eX2z8n/ZfnNNS03NIdWwzM="
    },
    "diff": {
      "version": "4.0.2",
      "resolved": "https://r.cnpmjs.org/diff/download/diff-4.0.2.tgz",
      "integrity": "sha1-YPOuy4nV+uUgwRqhnvwruYKq3n0="
    },
    "google-protobuf": {
      "version": "3.14.0",
      "resolved": "https://r.cnpmjs.org/google-protobuf/download/google-protobuf-3.14.0.tgz",
      "integrity": "sha1-IDc9IgRuY4MaURDhGoT3E8xDZR4="
    },
    "make-error": {
      "version": "1.3.6",
      "resolved": "https://r.cnpmjs.org/make-error/download/make-error-1.3.6.tgz",
      "integrity": "sha1-LrLjfqm2fEiR9oShOUeZr0hM96I="
    },
    "source-map": {
      "version": "0.6.1",
      "resolved": "http://r.cnpmjs.org/source-map/download/source-map-0.6.1.tgz",
      "integrity": "sha1-dHIq8y6WFOnCh6jQu95IteLxomM="
    },
    "source-map-support": {
      "version": "0.5.19",
      "resolved": "https://r.cnpmjs.org/source-map-support/download/source-map-support-0.5.19.tgz",
      "integrity": "sha1-qYti+G3K9PZzmWSMCFKRq56P7WE=",
      "requires": {
        "buffer-from": "^1.0.0",
        "source-map": "^0.6.0"
      }
    },
    "ts-node": {
      "version": "9.1.1",
      "resolved": "https://r.cnpmjs.org/ts-node/download/ts-node-9.1.1.tgz",
      "integrity": "sha1-UamkUKPpWUAb2l8ASnLVS5NtN20=",
      "requires": {
        "arg": "^4.1.0",
        "create-require": "^1.1.0",
        "diff": "^4.0.1",
        "make-error": "^1.1.1",
        "source-map-support": "^0.5.17",
        "yn": "3.1.1"
      }
    },
    "typescript": {
      "version": "4.1.3",
      "resolved": "https://r.cnpmjs.org/typescript/download/typescript-4.1.3.tgz",
      "integrity": "sha1-UZ1YK9lMugz4k0x9joRn5HP1O7c="
    },
    "yn": {
      "version": "3.1.1",
      "resolved": "https://r.cnpmjs.org/yn/download/yn-3.1.1.tgz",
      "integrity": "sha1-HodAGgnXZ8HV6rJqbkwYUYLS61A="
    }
  }
}
